
Microsoft Visual Studio Solution File, Format Version 12.00
# Visual Studio Version 16
VisualStudioVersion = 16.0.31205.134
MinimumVisualStudioVersion = 10.0.40219.1
Project("{FAE04EC0-301F-11D3-BF4B-00C04F79EFBC}") = "ConferenceRooms", "ConferenceRooms\ConferenceRooms.csproj", "{EF920F3F-C1F1-4545-8081-E8F547C32092}"
EndProject
Global
	GlobalSection(SolutionConfigurationPlatforms) = preSolution
		Debug|Any CPU = Debug|Any CPU
		Release|Any CPU = Release|Any CPU
	EndGlobalSection
	GlobalSection(ProjectConfigurationPlatforms) = postSolution
		{EF920F3F-C1F1-4545-8081-E8F547C32092}.Debug|Any CPU.ActiveCfg = Debug|Any CPU
		{EF920F3F-C1F1-4545-8081-E8F547C32092}.Debug|Any CPU.Build.0 = Debug|Any CPU
		{EF920F3F-C1F1-4545-8081-E8F547C32092}.Release|Any CPU.ActiveCfg = Release|Any CPU
		{EF920F3F-C1F1-4545-8081-E8F547C32092}.Release|Any CPU.Build.0 = Release|Any CPU
	EndGlobalSection
	GlobalSection(SolutionProperties) = preSolution
		HideSolutionNode = FALSE
	EndGlobalSection
	GlobalSection(ExtensibilityGlobals) = postSolution
		SolutionGuid = {424240D3-5A11-493D-A746-7BC57E7BDC54}
	EndGlobalSection
EndGlobal
